
Microsoft Visual Studio Solution File, Format Version 12.00
# Visual Studio Version 17
VisualStudioVersion = 17.5.002.0
MinimumVisualStudioVersion = 10.0.40219.1
Project("{9A19103F-16F7-4668-BE54-9A1E7A4F7556}") = "Exo.WebApi", "Exo.WebApi.csproj", "{887B1822-98AA-4B2F-8551-B4E6AAF096CC}"
EndProject
Global
	GlobalSection(SolutionConfigurationPlatforms) = preSolution
		Debug|Any CPU = Debug|Any CPU
		Release|Any CPU = Release|Any CPU
	EndGlobalSection
	GlobalSection(ProjectConfigurationPlatforms) = postSolution
		{887B1822-98AA-4B2F-8551-B4E6AAF096CC}.Debug|Any CPU.ActiveCfg = Debug|Any CPU
		{887B1822-98AA-4B2F-8551-B4E6AAF096CC}.Debug|Any CPU.Build.0 = Debug|Any CPU
		{887B1822-98AA-4B2F-8551-B4E6AAF096CC}.Release|Any CPU.ActiveCfg = Release|Any CPU
		{887B1822-98AA-4B2F-8551-B4E6AAF096CC}.Release|Any CPU.Build.0 = Release|Any CPU
	EndGlobalSection
	GlobalSection(SolutionProperties) = preSolution
		HideSolutionNode = FALSE
	EndGlobalSection
	GlobalSection(ExtensibilityGlobals) = postSolution
		SolutionGuid = {52902849-C05E-4E1B-A9AB-8AB35C11D62F}
	EndGlobalSection
EndGlobal
